// !$*UTF8*$!
{
	archiveVersion = 1;
	classes = {
	};
	objectVersion = 56;
	objects = {

/* Begin PBXBuildFile section */
		83110CED2AA8DEDB006BB2F2 /* Appetizers_SwfitUIApp.swift in Sources */ = {isa = PBXBuildFile; fileRef = 83110CEC2AA8DEDB006BB2F2 /* Appetizers_SwfitUIApp.swift */; };
		83110CEF2AA8DEDB006BB2F2 /* AppetizersApp.swift in Sources */ = {isa = PBXBuildFile; fileRef = 83110CEE2AA8DEDB006BB2F2 /* AppetizersApp.swift */; };
		83110CF12AA8DEDB006BB2F2 /* Assets.xcassets in Resources */ = {isa = PBXBuildFile; fileRef = 83110CF02AA8DEDB006BB2F2 /* Assets.xcassets */; };
		83110CF42AA8DEDB006BB2F2 /* Preview Assets.xcassets in Resources */ = {isa = PBXBuildFile; fileRef = 83110CF32AA8DEDB006BB2F2 /* Preview Assets.xcassets */; };
		83110CFB2AA8E120006BB2F2 /* AppetizersListView.swift in Sources */ = {isa = PBXBuildFile; fileRef = 83110CFA2AA8E120006BB2F2 /* AppetizersListView.swift */; };
		83110CFD2AA8E454006BB2F2 /* Constants.swift in Sources */ = {isa = PBXBuildFile; fileRef = 83110CFC2AA8E454006BB2F2 /* Constants.swift */; };
		83110D002AA8E5BC006BB2F2 /* AccountView.swift in Sources */ = {isa = PBXBuildFile; fileRef = 83110CFF2AA8E5BC006BB2F2 /* AccountView.swift */; };
		83110D022AA8E5E2006BB2F2 /* OrderView.swift in Sources */ = {isa = PBXBuildFile; fileRef = 83110D012AA8E5E2006BB2F2 /* OrderView.swift */; };
		83110D042AA8E60D006BB2F2 /* AppetizersTabView.swift in Sources */ = {isa = PBXBuildFile; fileRef = 83110D032AA8E60D006BB2F2 /* AppetizersTabView.swift */; };
		83110D072AA8EC9C006BB2F2 /* Appetizer.swift in Sources */ = {isa = PBXBuildFile; fileRef = 83110D062AA8EC9C006BB2F2 /* Appetizer.swift */; };
		83110D0A2AA8F0CF006BB2F2 /* RequestManager.swift in Sources */ = {isa = PBXBuildFile; fileRef = 83110D092AA8F0CF006BB2F2 /* RequestManager.swift */; };
		83110D0C2AA8FA23006BB2F2 /* RequestAppetizer.swift in Sources */ = {isa = PBXBuildFile; fileRef = 83110D0B2AA8FA23006BB2F2 /* RequestAppetizer.swift */; };
		833FE7492AB134E000987FAA /* AppetizerView.swift in Sources */ = {isa = PBXBuildFile; fileRef = 833FE7482AB134E000987FAA /* AppetizerView.swift */; };
		834AE31B2ABB52BF00224E81 /* AccountViewModel.swift in Sources */ = {isa = PBXBuildFile; fileRef = 834AE31A2ABB52BF00224E81 /* AccountViewModel.swift */; };
		834AE31D2ABB54C500224E81 /* String+Extension.swift in Sources */ = {isa = PBXBuildFile; fileRef = 834AE31C2ABB54C500224E81 /* String+Extension.swift */; };
		834AE31F2ABB58AE00224E81 /* User.swift in Sources */ = {isa = PBXBuildFile; fileRef = 834AE31E2ABB58AE00224E81 /* User.swift */; };
		834AE3212ABB680500224E81 /* AppetizerButton.swift in Sources */ = {isa = PBXBuildFile; fileRef = 834AE3202ABB680500224E81 /* AppetizerButton.swift */; };
		834AE3232ABB6EE400224E81 /* EmptyState.swift in Sources */ = {isa = PBXBuildFile; fileRef = 834AE3222ABB6EE400224E81 /* EmptyState.swift */; };
		834AE3252ABB72E700224E81 /* Order.swift in Sources */ = {isa = PBXBuildFile; fileRef = 834AE3242ABB72E700224E81 /* Order.swift */; };
		835956AF2AABDCB0009F6F48 /* AppetizersListViewModel.swift in Sources */ = {isa = PBXBuildFile; fileRef = 835956AE2AABDCB0009F6F48 /* AppetizersListViewModel.swift */; };
		835956B22AABDD16009F6F48 /* NetworkManager.swift in Sources */ = {isa = PBXBuildFile; fileRef = 835956B12AABDD16009F6F48 /* NetworkManager.swift */; };
		83A82AAE2AB9153800158A58 /* NutritionView.swift in Sources */ = {isa = PBXBuildFile; fileRef = 83A82AAD2AB9153800158A58 /* NutritionView.swift */; };
		83BBB7612AB2620E007C47EF /* AppetizerDetailView.swift in Sources */ = {isa = PBXBuildFile; fileRef = 83BBB7602AB2620E007C47EF /* AppetizerDetailView.swift */; };
		83BBB7632AB26683007C47EF /* Decimal+Extension.swift in Sources */ = {isa = PBXBuildFile; fileRef = 83BBB7622AB26683007C47EF /* Decimal+Extension.swift */; };
		83CA60622AB1203D00177953 /* ActivityIndicator.swift in Sources */ = {isa = PBXBuildFile; fileRef = 83CA60612AB1203D00177953 /* ActivityIndicator.swift */; };
		83CA60642AB1287400177953 /* RemoteImage.swift in Sources */ = {isa = PBXBuildFile; fileRef = 83CA60632AB1287400177953 /* RemoteImage.swift */; };
		83E9D3162ABBAE8E00765E56 /* Date+Extension.swift in Sources */ = {isa = PBXBuildFile; fileRef = 83E9D3152ABBAE8E00765E56 /* Date+Extension.swift */; };
/* End PBXBuildFile section */

/* Begin PBXFileReference section */
		83110CE92AA8DEDB006BB2F2 /* Appetizers-SwfitUI.app */ = {isa = PBXFileReference; explicitFileType = wrapper.application; includeInIndex = 0; path = "Appetizers-SwfitUI.app"; sourceTree = BUILT_PRODUCTS_DIR; };
		83110CEC2AA8DEDB006BB2F2 /* Appetizers_SwfitUIApp.swift */ = {isa = PBXFileReference; lastKnownFileType = sourcecode.swift; path = Appetizers_SwfitUIApp.swift; sourceTree = "<group>"; };
		83110CEE2AA8DEDB006BB2F2 /* AppetizersApp.swift */ = {isa = PBXFileReference; lastKnownFileType = sourcecode.swift; path = AppetizersApp.swift; sourceTree = "<group>"; };
		83110CF02AA8DEDB006BB2F2 /* Assets.xcassets */ = {isa = PBXFileReference; lastKnownFileType = folder.assetcatalog; path = Assets.xcassets; sourceTree = "<group>"; };
		83110CF32AA8DEDB006BB2F2 /* Preview Assets.xcassets */ = {isa = PBXFileReference; lastKnownFileType = folder.assetcatalog; path = "Preview Assets.xcassets"; sourceTree = "<group>"; };
		83110CFA2AA8E120006BB2F2 /* AppetizersListView.swift */ = {isa = PBXFileReference; lastKnownFileType = sourcecode.swift; path = AppetizersListView.swift; sourceTree = "<group>"; };
		83110CFC2AA8E454006BB2F2 /* Constants.swift */ = {isa = PBXFileReference; lastKnownFileType = sourcecode.swift; path = Constants.swift; sourceTree = "<group>"; };
		83110CFF2AA8E5BC006BB2F2 /* AccountView.swift */ = {isa = PBXFileReference; lastKnownFileType = sourcecode.swift; path = AccountView.swift; sourceTree = "<group>"; };
		83110D012AA8E5E2006BB2F2 /* OrderView.swift */ = {isa = PBXFileReference; lastKnownFileType = sourcecode.swift; path = OrderView.swift; sourceTree = "<group>"; };
		83110D032AA8E60D006BB2F2 /* AppetizersTabView.swift */ = {isa = PBXFileReference; lastKnownFileType = sourcecode.swift; path = AppetizersTabView.swift; sourceTree = "<group>"; };
		83110D062AA8EC9C006BB2F2 /* Appetizer.swift */ = {isa = PBXFileReference; lastKnownFileType = sourcecode.swift; path = Appetizer.swift; sourceTree = "<group>"; };
		83110D092AA8F0CF006BB2F2 /* RequestManager.swift */ = {isa = PBXFileReference; lastKnownFileType = sourcecode.swift; path = RequestManager.swift; sourceTree = "<group>"; };
		83110D0B2AA8FA23006BB2F2 /* RequestAppetizer.swift */ = {isa = PBXFileReference; lastKnownFileType = sourcecode.swift; path = RequestAppetizer.swift; sourceTree = "<group>"; };
		833FE7482AB134E000987FAA /* AppetizerView.swift */ = {isa = PBXFileReference; lastKnownFileType = sourcecode.swift; path = AppetizerView.swift; sourceTree = "<group>"; };
		834AE31A2ABB52BF00224E81 /* AccountViewModel.swift */ = {isa = PBXFileReference; lastKnownFileType = sourcecode.swift; path = AccountViewModel.swift; sourceTree = "<group>"; };
		834AE31C2ABB54C500224E81 /* String+Extension.swift */ = {isa = PBXFileReference; lastKnownFileType = sourcecode.swift; path = "String+Extension.swift"; sourceTree = "<group>"; };
		834AE31E2ABB58AE00224E81 /* User.swift */ = {isa = PBXFileReference; lastKnownFileType = sourcecode.swift; path = User.swift; sourceTree = "<group>"; };
		834AE3202ABB680500224E81 /* AppetizerButton.swift */ = {isa = PBXFileReference; lastKnownFileType = sourcecode.swift; path = AppetizerButton.swift; sourceTree = "<group>"; };
		834AE3222ABB6EE400224E81 /* EmptyState.swift */ = {isa = PBXFileReference; lastKnownFileType = sourcecode.swift; path = EmptyState.swift; sourceTree = "<group>"; };
		834AE3242ABB72E700224E81 /* Order.swift */ = {isa = PBXFileReference; lastKnownFileType = sourcecode.swift; path = Order.swift; sourceTree = "<group>"; };
		835956AE2AABDCB0009F6F48 /* AppetizersListViewModel.swift */ = {isa = PBXFileReference; lastKnownFileType = sourcecode.swift; path = AppetizersListViewModel.swift; sourceTree = "<group>"; };
		835956B12AABDD16009F6F48 /* NetworkManager.swift */ = {isa = PBXFileReference; lastKnownFileType = sourcecode.swift; path = NetworkManager.swift; sourceTree = "<group>"; };
		83A82AAD2AB9153800158A58 /* NutritionView.swift */ = {isa = PBXFileReference; lastKnownFileType = sourcecode.swift; path = NutritionView.swift; sourceTree = "<group>"; };
		83BBB7602AB2620E007C47EF /* AppetizerDetailView.swift */ = {isa = PBXFileReference; lastKnownFileType = sourcecode.swift; path = AppetizerDetailView.swift; sourceTree = "<group>"; };
		83BBB7622AB26683007C47EF /* Decimal+Extension.swift */ = {isa = PBXFileReference; lastKnownFileType = sourcecode.swift; path = "Decimal+Extension.swift"; sourceTree = "<group>"; };
		83CA60612AB1203D00177953 /* ActivityIndicator.swift */ = {isa = PBXFileReference; lastKnownFileType = sourcecode.swift; path = ActivityIndicator.swift; sourceTree = "<group>"; };
		83CA60632AB1287400177953 /* RemoteImage.swift */ = {isa = PBXFileReference; lastKnownFileType = sourcecode.swift; path = RemoteImage.swift; sourceTree = "<group>"; };
		83E9D3152ABBAE8E00765E56 /* Date+Extension.swift */ = {isa = PBXFileReference; lastKnownFileType = sourcecode.swift; path = "Date+Extension.swift"; sourceTree = "<group>"; };
/* End PBXFileReference section */

/* Begin PBXFrameworksBuildPhase section */
		83110CE62AA8DEDB006BB2F2 /* Frameworks */ = {
			isa = PBXFrameworksBuildPhase;
			buildActionMask = 2147483647;
			files = (
			);
			runOnlyForDeploymentPostprocessing = 0;
		};
/* End PBXFrameworksBuildPhase section */

/* Begin PBXGroup section */
		83110CE02AA8DEDB006BB2F2 = {
			isa = PBXGroup;
			children = (
				83110CEB2AA8DEDB006BB2F2 /* Appetizers-SwfitUI */,
				83110CEA2AA8DEDB006BB2F2 /* Products */,
			);
			sourceTree = "<group>";
		};
		83110CEA2AA8DEDB006BB2F2 /* Products */ = {
			isa = PBXGroup;
			children = (
				83110CE92AA8DEDB006BB2F2 /* Appetizers-SwfitUI.app */,
			);
			name = Products;
			sourceTree = "<group>";
		};
		83110CEB2AA8DEDB006BB2F2 /* Appetizers-SwfitUI */ = {
			isa = PBXGroup;
			children = (
				835956B02AABDD0A009F6F48 /* Network */,
				835956AD2AABDC9B009F6F48 /* ViewModels */,
				83110D052AA8E63C006BB2F2 /* Utils */,
				83110CFE2AA8E52F006BB2F2 /* Screens */,
				83110D082AA8ECC1006BB2F2 /* Models */,
				83110CEE2AA8DEDB006BB2F2 /* AppetizersApp.swift */,
				83110CEC2AA8DEDB006BB2F2 /* Appetizers_SwfitUIApp.swift */,
				83110CF02AA8DEDB006BB2F2 /* Assets.xcassets */,
				83110CF22AA8DEDB006BB2F2 /* Preview Content */,
				83110D092AA8F0CF006BB2F2 /* RequestManager.swift */,
			);
			path = "Appetizers-SwfitUI";
			sourceTree = "<group>";
		};
		83110CF22AA8DEDB006BB2F2 /* Preview Content */ = {
			isa = PBXGroup;
			children = (
				83110CF32AA8DEDB006BB2F2 /* Preview Assets.xcassets */,
			);
			path = "Preview Content";
			sourceTree = "<group>";
		};
		83110CFE2AA8E52F006BB2F2 /* Screens */ = {
			isa = PBXGroup;
			children = (
				83110CFA2AA8E120006BB2F2 /* AppetizersListView.swift */,
				83110CFF2AA8E5BC006BB2F2 /* AccountView.swift */,
				83110D012AA8E5E2006BB2F2 /* OrderView.swift */,
				83110D032AA8E60D006BB2F2 /* AppetizersTabView.swift */,
				83CA60612AB1203D00177953 /* ActivityIndicator.swift */,
				83CA60632AB1287400177953 /* RemoteImage.swift */,
				833FE7482AB134E000987FAA /* AppetizerView.swift */,
				83BBB7602AB2620E007C47EF /* AppetizerDetailView.swift */,
				83A82AAD2AB9153800158A58 /* NutritionView.swift */,
				834AE3202ABB680500224E81 /* AppetizerButton.swift */,
				834AE3222ABB6EE400224E81 /* EmptyState.swift */,
			);
			path = Screens;
			sourceTree = "<group>";
		};
		83110D052AA8E63C006BB2F2 /* Utils */ = {
			isa = PBXGroup;
			children = (
				83110CFC2AA8E454006BB2F2 /* Constants.swift */,
				83BBB7622AB26683007C47EF /* Decimal+Extension.swift */,
				834AE31C2ABB54C500224E81 /* String+Extension.swift */,
				83E9D3152ABBAE8E00765E56 /* Date+Extension.swift */,
			);
			path = Utils;
			sourceTree = "<group>";
		};
		83110D082AA8ECC1006BB2F2 /* Models */ = {
			isa = PBXGroup;
			children = (
				83110D062AA8EC9C006BB2F2 /* Appetizer.swift */,
				83110D0B2AA8FA23006BB2F2 /* RequestAppetizer.swift */,
				834AE31E2ABB58AE00224E81 /* User.swift */,
				834AE3242ABB72E700224E81 /* Order.swift */,
			);
			path = Models;
			sourceTree = "<group>";
		};
		835956AD2AABDC9B009F6F48 /* ViewModels */ = {
			isa = PBXGroup;
			children = (
				835956AE2AABDCB0009F6F48 /* AppetizersListViewModel.swift */,
				834AE31A2ABB52BF00224E81 /* AccountViewModel.swift */,
			);
			path = ViewModels;
			sourceTree = "<group>";
		};
		835956B02AABDD0A009F6F48 /* Network */ = {
			isa = PBXGroup;
			children = (
				835956B12AABDD16009F6F48 /* NetworkManager.swift */,
			);
			path = Network;
			sourceTree = "<group>";
		};
/* End PBXGroup section */

/* Begin PBXNativeTarget section */
		83110CE82AA8DEDB006BB2F2 /* Appetizers-SwfitUI */ = {
			isa = PBXNativeTarget;
			buildConfigurationList = 83110CF72AA8DEDB006BB2F2 /* Build configuration list for PBXNativeTarget "Appetizers-SwfitUI" */;
			buildPhases = (
				83110CE52AA8DEDB006BB2F2 /* Sources */,
				83110CE62AA8DEDB006BB2F2 /* Frameworks */,
				83110CE72AA8DEDB006BB2F2 /* Resources */,
			);
			buildRules = (
			);
			dependencies = (
			);
			name = "Appetizers-SwfitUI";
			productName = "Appetizers-SwfitUI";
			productReference = 83110CE92AA8DEDB006BB2F2 /* Appetizers-SwfitUI.app */;
			productType = "com.apple.product-type.application";
		};
/* End PBXNativeTarget section */

/* Begin PBXProject section */
		83110CE12AA8DEDB006BB2F2 /* Project object */ = {
			isa = PBXProject;
			attributes = {
				BuildIndependentTargetsInParallel = 1;
				LastSwiftUpdateCheck = 1430;
				LastUpgradeCheck = 1430;
				TargetAttributes = {
					83110CE82AA8DEDB006BB2F2 = {
						CreatedOnToolsVersion = 14.3;
					};
				};
			};
			buildConfigurationList = 83110CE42AA8DEDB006BB2F2 /* Build configuration list for PBXProject "Appetizers-SwfitUI" */;
			compatibilityVersion = "Xcode 14.0";
			developmentRegion = en;
			hasScannedForEncodings = 0;
			knownRegions = (
				en,
				Base,
			);
			mainGroup = 83110CE02AA8DEDB006BB2F2;
			productRefGroup = 83110CEA2AA8DEDB006BB2F2 /* Products */;
			projectDirPath = "";
			projectRoot = "";
			targets = (
				83110CE82AA8DEDB006BB2F2 /* Appetizers-SwfitUI */,
			);
		};
/* End PBXProject section */

/* Begin PBXResourcesBuildPhase section */
		83110CE72AA8DEDB006BB2F2 /* Resources */ = {
			isa = PBXResourcesBuildPhase;
			buildActionMask = 2147483647;
			files = (
				83110CF42AA8DEDB006BB2F2 /* Preview Assets.xcassets in Resources */,
				83110CF12AA8DEDB006BB2F2 /* Assets.xcassets in Resources */,
			);
			runOnlyForDeploymentPostprocessing = 0;
		};
/* End PBXResourcesBuildPhase section */

/* Begin PBXSourcesBuildPhase section */
		83110CE52AA8DEDB006BB2F2 /* Sources */ = {
			isa = PBXSourcesBuildPhase;
			buildActionMask = 2147483647;
			files = (
				83E9D3162ABBAE8E00765E56 /* Date+Extension.swift in Sources */,
				834AE3232ABB6EE400224E81 /* EmptyState.swift in Sources */,
				835956B22AABDD16009F6F48 /* NetworkManager.swift in Sources */,
				83110CFB2AA8E120006BB2F2 /* AppetizersListView.swift in Sources */,
				83110CEF2AA8DEDB006BB2F2 /* AppetizersApp.swift in Sources */,
				833FE7492AB134E000987FAA /* AppetizerView.swift in Sources */,
				834AE3212ABB680500224E81 /* AppetizerButton.swift in Sources */,
				83110D072AA8EC9C006BB2F2 /* Appetizer.swift in Sources */,
				83CA60622AB1203D00177953 /* ActivityIndicator.swift in Sources */,
				83BBB7612AB2620E007C47EF /* AppetizerDetailView.swift in Sources */,
				83BBB7632AB26683007C47EF /* Decimal+Extension.swift in Sources */,
				834AE31D2ABB54C500224E81 /* String+Extension.swift in Sources */,
				83110CED2AA8DEDB006BB2F2 /* Appetizers_SwfitUIApp.swift in Sources */,
				83110D022AA8E5E2006BB2F2 /* OrderView.swift in Sources */,
				834AE31B2ABB52BF00224E81 /* AccountViewModel.swift in Sources */,
				83110D042AA8E60D006BB2F2 /* AppetizersTabView.swift in Sources */,
				83110D0A2AA8F0CF006BB2F2 /* RequestManager.swift in Sources */,
				83CA60642AB1287400177953 /* RemoteImage.swift in Sources */,
				83110D0C2AA8FA23006BB2F2 /* RequestAppetizer.swift in Sources */,
				834AE3252ABB72E700224E81 /* Order.swift in Sources */,
				83110CFD2AA8E454006BB2F2 /* Constants.swift in Sources */,
				83A82AAE2AB9153800158A58 /* NutritionView.swift in Sources */,
				835956AF2AABDCB0009F6F48 /* AppetizersListViewModel.swift in Sources */,
				83110D002AA8E5BC006BB2F2 /* AccountView.swift in Sources */,
				834AE31F2ABB58AE00224E81 /* User.swift in Sources */,
			);
			runOnlyForDeploymentPostprocessing = 0;
		};
/* End PBXSourcesBuildPhase section */

/* Begin XCBuildConfiguration section */
		83110CF52AA8DEDB006BB2F2 /* Debug */ = {
			isa = XCBuildConfiguration;
			buildSettings = {
				ALWAYS_SEARCH_USER_PATHS = NO;
				CLANG_ANALYZER_NONNULL = YES;
				CLANG_ANALYZER_NUMBER_OBJECT_CONVERSION = YES_AGGRESSIVE;
				CLANG_CXX_LANGUAGE_STANDARD = "gnu++20";
				CLANG_ENABLE_MODULES = YES;
				CLANG_ENABLE_OBJC_ARC = YES;
				CLANG_ENABLE_OBJC_WEAK = YES;
				CLANG_WARN_BLOCK_CAPTURE_AUTORELEASING = YES;
				CLANG_WARN_BOOL_CONVERSION = YES;
				CLANG_WARN_COMMA = YES;
				CLANG_WARN_CONSTANT_CONVERSION = YES;
				CLANG_WARN_DEPRECATED_OBJC_IMPLEMENTATIONS = YES;
				CLANG_WARN_DIRECT_OBJC_ISA_USAGE = YES_ERROR;
				CLANG_WARN_DOCUMENTATION_COMMENTS = YES;
				CLANG_WARN_EMPTY_BODY = YES;
				CLANG_WARN_ENUM_CONVERSION = YES;
				CLANG_WARN_INFINITE_RECURSION = YES;
				CLANG_WARN_INT_CONVERSION = YES;
				CLANG_WARN_NON_LITERAL_NULL_CONVERSION = YES;
				CLANG_WARN_OBJC_IMPLICIT_RETAIN_SELF = YES;
				CLANG_WARN_OBJC_LITERAL_CONVERSION = YES;
				CLANG_WARN_OBJC_ROOT_CLASS = YES_ERROR;
				CLANG_WARN_QUOTED_INCLUDE_IN_FRAMEWORK_HEADER = YES;
				CLANG_WARN_RANGE_LOOP_ANALYSIS = YES;
				CLANG_WARN_STRICT_PROTOTYPES = YES;
				CLANG_WARN_SUSPICIOUS_MOVE = YES;
				CLANG_WARN_UNGUARDED_AVAILABILITY = YES_AGGRESSIVE;
				CLANG_WARN_UNREACHABLE_CODE = YES;
				CLANG_WARN__DUPLICATE_METHOD_MATCH = YES;
				COPY_PHASE_STRIP = NO;
				DEBUG_INFORMATION_FORMAT = dwarf;
				ENABLE_STRICT_OBJC_MSGSEND = YES;
				ENABLE_TESTABILITY = YES;
				GCC_C_LANGUAGE_STANDARD = gnu11;
				GCC_DYNAMIC_NO_PIC = NO;
				GCC_NO_COMMON_BLOCKS = YES;
				GCC_OPTIMIZATION_LEVEL = 0;
				GCC_PREPROCESSOR_DEFINITIONS = (
					"DEBUG=1",
					"$(inherited)",
				);
				GCC_WARN_64_TO_32_BIT_CONVERSION = YES;
				GCC_WARN_ABOUT_RETURN_TYPE = YES_ERROR;
				GCC_WARN_UNDECLARED_SELECTOR = YES;
				GCC_WARN_UNINITIALIZED_AUTOS = YES_AGGRESSIVE;
				GCC_WARN_UNUSED_FUNCTION = YES;
				GCC_WARN_UNUSED_VARIABLE = YES;
				IPHONEOS_DEPLOYMENT_TARGET = 16.4;
				MTL_ENABLE_DEBUG_INFO = INCLUDE_SOURCE;
				MTL_FAST_MATH = YES;
				ONLY_ACTIVE_ARCH = YES;
				SDKROOT = iphoneos;
				SWIFT_ACTIVE_COMPILATION_CONDITIONS = DEBUG;
				SWIFT_OPTIMIZATION_LEVEL = "-Onone";
			};
			name = Debug;
		};
		83110CF62AA8DEDB006BB2F2 /* Release */ = {
			isa = XCBuildConfiguration;
			buildSettings = {
				ALWAYS_SEARCH_USER_PATHS = NO;
				CLANG_ANALYZER_NONNULL = YES;
				CLANG_ANALYZER_NUMBER_OBJECT_CONVERSION = YES_AGGRESSIVE;
				CLANG_CXX_LANGUAGE_STANDARD = "gnu++20";
				CLANG_ENABLE_MODULES = YES;
				CLANG_ENABLE_OBJC_ARC = YES;
				CLANG_ENABLE_OBJC_WEAK = YES;
				CLANG_WARN_BLOCK_CAPTURE_AUTORELEASING = YES;
				CLANG_WARN_BOOL_CONVERSION = YES;
				CLANG_WARN_COMMA = YES;
				CLANG_WARN_CONSTANT_CONVERSION = YES;
				CLANG_WARN_DEPRECATED_OBJC_IMPLEMENTATIONS = YES;
				CLANG_WARN_DIRECT_OBJC_ISA_USAGE = YES_ERROR;
				CLANG_WARN_DOCUMENTATION_COMMENTS = YES;
				CLANG_WARN_EMPTY_BODY = YES;
				CLANG_WARN_ENUM_CONVERSION = YES;
				CLANG_WARN_INFINITE_RECURSION = YES;
				CLANG_WARN_INT_CONVERSION = YES;
				CLANG_WARN_NON_LITERAL_NULL_CONVERSION = YES;
				CLANG_WARN_OBJC_IMPLICIT_RETAIN_SELF = YES;
				CLANG_WARN_OBJC_LITERAL_CONVERSION = YES;
				CLANG_WARN_OBJC_ROOT_CLASS = YES_ERROR;
				CLANG_WARN_QUOTED_INCLUDE_IN_FRAMEWORK_HEADER = YES;
				CLANG_WARN_RANGE_LOOP_ANALYSIS = YES;
				CLANG_WARN_STRICT_PROTOTYPES = YES;
				CLANG_WARN_SUSPICIOUS_MOVE = YES;
				CLANG_WARN_UNGUARDED_AVAILABILITY = YES_AGGRESSIVE;
				CLANG_WARN_UNREACHABLE_CODE = YES;
				CLANG_WARN__DUPLICATE_METHOD_MATCH = YES;
				COPY_PHASE_STRIP = NO;
				DEBUG_INFORMATION_FORMAT = "dwarf-with-dsym";
				ENABLE_NS_ASSERTIONS = NO;
				ENABLE_STRICT_OBJC_MSGSEND = YES;
				GCC_C_LANGUAGE_STANDARD = gnu11;
				GCC_NO_COMMON_BLOCKS = YES;
				GCC_WARN_64_TO_32_BIT_CONVERSION = YES;
				GCC_WARN_ABOUT_RETURN_TYPE = YES_ERROR;
				GCC_WARN_UNDECLARED_SELECTOR = YES;
				GCC_WARN_UNINITIALIZED_AUTOS = YES_AGGRESSIVE;
				GCC_WARN_UNUSED_FUNCTION = YES;
				GCC_WARN_UNUSED_VARIABLE = YES;
				IPHONEOS_DEPLOYMENT_TARGET = 16.4;
				MTL_ENABLE_DEBUG_INFO = NO;
				MTL_FAST_MATH = YES;
				SDKROOT = iphoneos;
				SWIFT_COMPILATION_MODE = wholemodule;
				SWIFT_OPTIMIZATION_LEVEL = "-O";
				VALIDATE_PRODUCT = YES;
			};
			name = Release;
		};
		83110CF82AA8DEDB006BB2F2 /* Debug */ = {
			isa = XCBuildConfiguration;
			buildSettings = {
				ASSETCATALOG_COMPILER_APPICON_NAME = AppIcon;
				ASSETCATALOG_COMPILER_GLOBAL_ACCENT_COLOR_NAME = AccentColor;
				CODE_SIGN_STYLE = Automatic;
				CURRENT_PROJECT_VERSION = 1;
				DEVELOPMENT_ASSET_PATHS = "\"Appetizers-SwfitUI/Preview Content\"";
				DEVELOPMENT_TEAM = MC9FSUXRTD;
				ENABLE_PREVIEWS = YES;
				GENERATE_INFOPLIST_FILE = YES;
				INFOPLIST_KEY_UIApplicationSceneManifest_Generation = YES;
				INFOPLIST_KEY_UIApplicationSupportsIndirectInputEvents = YES;
				INFOPLIST_KEY_UILaunchScreen_Generation = YES;
				INFOPLIST_KEY_UISupportedInterfaceOrientations = UIInterfaceOrientationPortrait;
				IPHONEOS_DEPLOYMENT_TARGET = 15.0;
				LD_RUNPATH_SEARCH_PATHS = (
					"$(inherited)",
					"@executable_path/Frameworks",
				);
				MARKETING_VERSION = 1.0;
				PRODUCT_BUNDLE_IDENTIFIER = "com.verdugoperez.Appetizers-SwfitUI";
				PRODUCT_NAME = "$(TARGET_NAME)";
				SWIFT_EMIT_LOC_STRINGS = YES;
				SWIFT_VERSION = 5.0;
				TARGETED_DEVICE_FAMILY = "1,2";
			};
			name = Debug;
		};
		83110CF92AA8DEDB006BB2F2 /* Release */ = {
			isa = XCBuildConfiguration;
			buildSettings = {
				ASSETCATALOG_COMPILER_APPICON_NAME = AppIcon;
				ASSETCATALOG_COMPILER_GLOBAL_ACCENT_COLOR_NAME = AccentColor;
				CODE_SIGN_STYLE = Automatic;
				CURRENT_PROJECT_VERSION = 1;
				DEVELOPMENT_ASSET_PATHS = "\"Appetizers-SwfitUI/Preview Content\"";
				DEVELOPMENT_TEAM = MC9FSUXRTD;
				ENABLE_PREVIEWS = YES;
				GENERATE_INFOPLIST_FILE = YES;
				INFOPLIST_KEY_UIApplicationSceneManifest_Generation = YES;
				INFOPLIST_KEY_UIApplicationSupportsIndirectInputEvents = YES;
				INFOPLIST_KEY_UILaunchScreen_Generation = YES;
				INFOPLIST_KEY_UISupportedInterfaceOrientations = UIInterfaceOrientationPortrait;
				IPHONEOS_DEPLOYMENT_TARGET = 15.0;
				LD_RUNPATH_SEARCH_PATHS = (
					"$(inherited)",
					"@executable_path/Frameworks",
				);
				MARKETING_VERSION = 1.0;
				PRODUCT_BUNDLE_IDENTIFIER = "com.verdugoperez.Appetizers-SwfitUI";
				PRODUCT_NAME = "$(TARGET_NAME)";
				SWIFT_EMIT_LOC_STRINGS = YES;
				SWIFT_VERSION = 5.0;
				TARGETED_DEVICE_FAMILY = "1,2";
			};
			name = Release;
		};
/* End XCBuildConfiguration section */

/* Begin XCConfigurationList section */
		83110CE42AA8DEDB006BB2F2 /* Build configuration list for PBXProject "Appetizers-SwfitUI" */ = {
			isa = XCConfigurationList;
			buildConfigurations = (
				83110CF52AA8DEDB006BB2F2 /* Debug */,
				83110CF62AA8DEDB006BB2F2 /* Release */,
			);
			defaultConfigurationIsVisible = 0;
			defaultConfigurationName = Release;
		};
		83110CF72AA8DEDB006BB2F2 /* Build configuration list for PBXNativeTarget "Appetizers-SwfitUI" */ = {
			isa = XCConfigurationList;
			buildConfigurations = (
				83110CF82AA8DEDB006BB2F2 /* Debug */,
				83110CF92AA8DEDB006BB2F2 /* Release */,
			);
			defaultConfigurationIsVisible = 0;
			defaultConfigurationName = Release;
		};
/* End XCConfigurationList section */
	};
	rootObject = 83110CE12AA8DEDB006BB2F2 /* Project object */;
}
